
Microsoft Visual Studio Solution File, Format Version 12.00
# Visual Studio Version 16
VisualStudioVersion = 16.0.34729.46
MinimumVisualStudioVersion = 10.0.40219.1
Project("{FAE04EC0-301F-11D3-BF4B-00C04F79EFBC}") = "NVTLesson10", "NVTLesson10\NVTLesson10.csproj", "{D6F75808-9EAB-4EBD-B0E1-E2AC0ACB0656}"
EndProject
Global
	GlobalSection(SolutionConfigurationPlatforms) = preSolution
		Debug|Any CPU = Debug|Any CPU
		Release|Any CPU = Release|Any CPU
	EndGlobalSection
	GlobalSection(ProjectConfigurationPlatforms) = postSolution
		{D6F75808-9EAB-4EBD-B0E1-E2AC0ACB0656}.Debug|Any CPU.ActiveCfg = Debug|Any CPU
		{D6F75808-9EAB-4EBD-B0E1-E2AC0ACB0656}.Debug|Any CPU.Build.0 = Debug|Any CPU
		{D6F75808-9EAB-4EBD-B0E1-E2AC0ACB0656}.Release|Any CPU.ActiveCfg = Release|Any CPU
		{D6F75808-9EAB-4EBD-B0E1-E2AC0ACB0656}.Release|Any CPU.Build.0 = Release|Any CPU
	EndGlobalSection
	GlobalSection(SolutionProperties) = preSolution
		HideSolutionNode = FALSE
	EndGlobalSection
	GlobalSection(ExtensibilityGlobals) = postSolution
		SolutionGuid = {906F3D09-AE6C-442A-8ADD-276854AD7497}
	EndGlobalSection
EndGlobal
